{
  "nodes": {
    "nixpkgs": {
      "locked": {
        "lastModified": 1781074563,
        "narHash": "sha256-md8WlXOlfnIeHeOScMTTHFyf2d6iaTwPl2apR5EQ3P4=",
        "owner": "NixOS",
        "repo": "nixpkgs",
        "rev": "9ae611a455b90cf061d8f332b977e387bda8e1ca",
        "type": "github"
      },
      "original": {
        "owner": "NixOS",
        "ref": "nixos-unstable",
        "repo": "nixpkgs",
        "type": "github"
      }
    },
    "nixpkgs-legacy": {
      "locked": {
        "lastModified": 1767313136,
        "narHash": "sha256-16KkgfdYqjaeRGBaYsNrhPRRENs0qzkQVUooNHtoy2w=",
        "owner": "NixOS",
        "repo": "nixpkgs",
        "rev": "ac62194c3917d5f474c1a844b6fd6da2db95077d",
        "type": "github"
      },
      "original": {
        "owner": "NixOS",
        "ref": "nixos-25.05",
        "repo": "nixpkgs",
        "type": "github"
      }
    },
    "root": {
      "inputs": {
        "ssrjson-nix-dev": "ssrjson-nix-dev"
      }
    },
    "ssrjson-nix-dev": {
      "inputs": {
        "nixpkgs": "nixpkgs",
        "nixpkgs-legacy": "nixpkgs-legacy"
      },
      "locked": {
        "lastModified": 1781266098,
        "narHash": "sha256-y4TjVC9eC0wO4BBf+0BLqdBU0jVF6IvsSsqDjN3KsL8=",
        "owner": "Antares0982",
        "repo": "ssrjson-nix-dev",
        "rev": "e945be7330791e000bba5644f3f952c2352c9aca",
        "type": "github"
      },
      "original": {
        "owner": "Antares0982",
        "ref": "main",
        "repo": "ssrjson-nix-dev",
        "type": "github"
      }
    }
  },
  "root": "root",
  "version": 7
}
